# THIS IS AN AUTOGENERATED FILE. DO NOT EDIT THIS FILE DIRECTLY.
# yarn lockfile v1


jstoxml@^1.6.11:
  version "1.6.11"
  resolved "https://registry.yarnpkg.com/jstoxml/-/jstoxml-1.6.11.tgz#295f3aec62b845310026c702173fab0c65fc8f6c"
  integrity sha512-7X6qWhnru9dtSLoGilRFycpMgxX0LA+7cZORi2ObYTiwbPN0Byl3v9aaGnb0XrWWloub9W6z5zM5fW9HOoWctA==
